
Microsoft Visual Studio Solution File, Format Version 12.00
# Visual Studio 15
VisualStudioVersion = 15.0.27130.2010
MinimumVisualStudioVersion = 10.0.40219.1
Project("{FAE04EC0-301F-11D3-BF4B-00C04F79EFBC}") = "helloWorld", "helloWorld\helloWorld.csproj", "{CF50FCA4-C2AF-489B-A8D3-E2E312D71787}"
EndProject
Project("{FAE04EC0-301F-11D3-BF4B-00C04F79EFBC}") = "kalkolators", "kalkolators\kalkolators.csproj", "{26D13716-5C8B-46CB-8022-FCA0352046E6}"
EndProject
Project("{FAE04EC0-301F-11D3-BF4B-00C04F79EFBC}") = "smarter calculator", "smarter calculator\smarter calculator.csproj", "{9499177D-6260-4F85-A4E4-B2F918BC9923}"
EndProject
Project("{FAE04EC0-301F-11D3-BF4B-00C04F79EFBC}") = "BuyList", "BuyList\BuyList.csproj", "{9B96E616-C171-47A2-93B5-67AEBF6D268A}"
EndProject
Global
	GlobalSection(SolutionConfigurationPlatforms) = preSolution
		Debug|Any CPU = Debug|Any CPU
		Release|Any CPU = Release|Any CPU
	EndGlobalSection
	GlobalSection(ProjectConfigurationPlatforms) = postSolution
		{CF50FCA4-C2AF-489B-A8D3-E2E312D71787}.Debug|Any CPU.ActiveCfg = Debug|Any CPU
		{CF50FCA4-C2AF-489B-A8D3-E2E312D71787}.Debug|Any CPU.Build.0 = Debug|Any CPU
		{CF50FCA4-C2AF-489B-A8D3-E2E312D71787}.Release|Any CPU.ActiveCfg = Release|Any CPU
		{CF50FCA4-C2AF-489B-A8D3-E2E312D71787}.Release|Any CPU.Build.0 = Release|Any CPU
		{26D13716-5C8B-46CB-8022-FCA0352046E6}.Debug|Any CPU.ActiveCfg = Debug|Any CPU
		{26D13716-5C8B-46CB-8022-FCA0352046E6}.Debug|Any CPU.Build.0 = Debug|Any CPU
		{26D13716-5C8B-46CB-8022-FCA0352046E6}.Release|Any CPU.ActiveCfg = Release|Any CPU
		{26D13716-5C8B-46CB-8022-FCA0352046E6}.Release|Any CPU.Build.0 = Release|Any CPU
		{9499177D-6260-4F85-A4E4-B2F918BC9923}.Debug|Any CPU.ActiveCfg = Debug|Any CPU
		{9499177D-6260-4F85-A4E4-B2F918BC9923}.Debug|Any CPU.Build.0 = Debug|Any CPU
		{9499177D-6260-4F85-A4E4-B2F918BC9923}.Release|Any CPU.ActiveCfg = Release|Any CPU
		{9499177D-6260-4F85-A4E4-B2F918BC9923}.Release|Any CPU.Build.0 = Release|Any CPU
		{9B96E616-C171-47A2-93B5-67AEBF6D268A}.Debug|Any CPU.ActiveCfg = Debug|Any CPU
		{9B96E616-C171-47A2-93B5-67AEBF6D268A}.Debug|Any CPU.Build.0 = Debug|Any CPU
		{9B96E616-C171-47A2-93B5-67AEBF6D268A}.Release|Any CPU.ActiveCfg = Release|Any CPU
		{9B96E616-C171-47A2-93B5-67AEBF6D268A}.Release|Any CPU.Build.0 = Release|Any CPU
	EndGlobalSection
	GlobalSection(SolutionProperties) = preSolution
		HideSolutionNode = FALSE
	EndGlobalSection
	GlobalSection(ExtensibilityGlobals) = postSolution
		SolutionGuid = {D8E0134D-695B-477E-9921-092E28CFED8C}
	EndGlobalSection
EndGlobal
